
Microsoft Visual Studio Solution File, Format Version 12.00
# Visual Studio Version 17
VisualStudioVersion = 17.8.34525.116
MinimumVisualStudioVersion = 10.0.40219.1
Project("{FAE04EC0-301F-11D3-BF4B-00C04F79EFBC}") = "Aroma.Web", "Aroma\Aroma.Web.csproj", "{FDE6EB4F-7152-4BAB-B695-C9E1006DA2E1}"
EndProject
Project("{FAE04EC0-301F-11D3-BF4B-00C04F79EFBC}") = "Aroma.BusinessLogic", "Aroma.BusinessLogic,\Aroma.BusinessLogic.csproj", "{AEDE2B3B-0C6D-4B38-B4F3-E8A1B8C10434}"
EndProject
Project("{FAE04EC0-301F-11D3-BF4B-00C04F79EFBC}") = "Aroma.Domain", "Aroma.Domain\Aroma.Domain.csproj", "{46885760-6379-4AFD-83CD-DE5DA8C0A56C}"
EndProject
Project("{FAE04EC0-301F-11D3-BF4B-00C04F79EFBC}") = "Aroma.Helpers", "Aroma.Helpers\Aroma.Helpers.csproj", "{7F28A7FD-CA27-4886-9F4E-8A1A67241770}"
EndProject
Global
	GlobalSection(SolutionConfigurationPlatforms) = preSolution
		Debug|Any CPU = Debug|Any CPU
		Release|Any CPU = Release|Any CPU
	EndGlobalSection
	GlobalSection(ProjectConfigurationPlatforms) = postSolution
		{FDE6EB4F-7152-4BAB-B695-C9E1006DA2E1}.Debug|Any CPU.ActiveCfg = Debug|Any CPU
		{FDE6EB4F-7152-4BAB-B695-C9E1006DA2E1}.Debug|Any CPU.Build.0 = Debug|Any CPU
		{FDE6EB4F-7152-4BAB-B695-C9E1006DA2E1}.Release|Any CPU.ActiveCfg = Release|Any CPU
		{FDE6EB4F-7152-4BAB-B695-C9E1006DA2E1}.Release|Any CPU.Build.0 = Release|Any CPU
		{AEDE2B3B-0C6D-4B38-B4F3-E8A1B8C10434}.Debug|Any CPU.ActiveCfg = Debug|Any CPU
		{AEDE2B3B-0C6D-4B38-B4F3-E8A1B8C10434}.Debug|Any CPU.Build.0 = Debug|Any CPU
		{AEDE2B3B-0C6D-4B38-B4F3-E8A1B8C10434}.Release|Any CPU.ActiveCfg = Release|Any CPU
		{AEDE2B3B-0C6D-4B38-B4F3-E8A1B8C10434}.Release|Any CPU.Build.0 = Release|Any CPU
		{46885760-6379-4AFD-83CD-DE5DA8C0A56C}.Debug|Any CPU.ActiveCfg = Debug|Any CPU
		{46885760-6379-4AFD-83CD-DE5DA8C0A56C}.Debug|Any CPU.Build.0 = Debug|Any CPU
		{46885760-6379-4AFD-83CD-DE5DA8C0A56C}.Release|Any CPU.ActiveCfg = Release|Any CPU
		{46885760-6379-4AFD-83CD-DE5DA8C0A56C}.Release|Any CPU.Build.0 = Release|Any CPU
		{7F28A7FD-CA27-4886-9F4E-8A1A67241770}.Debug|Any CPU.ActiveCfg = Debug|Any CPU
		{7F28A7FD-CA27-4886-9F4E-8A1A67241770}.Debug|Any CPU.Build.0 = Debug|Any CPU
		{7F28A7FD-CA27-4886-9F4E-8A1A67241770}.Release|Any CPU.ActiveCfg = Release|Any CPU
		{7F28A7FD-CA27-4886-9F4E-8A1A67241770}.Release|Any CPU.Build.0 = Release|Any CPU
	EndGlobalSection
	GlobalSection(SolutionProperties) = preSolution
		HideSolutionNode = FALSE
	EndGlobalSection
	GlobalSection(ExtensibilityGlobals) = postSolution
		SolutionGuid = {F95D8547-B017-4BF9-9135-EE4FA0869E58}
	EndGlobalSection
EndGlobal
